// !$*UTF8*$!
{
	archiveVersion = 1;
	classes = {
	};
	objectVersion = 48;
	objects = {

/* Begin PBXBuildFile section */
		0F0ADEF4200E433C00B4C539 /* MyNotificationBase.swift in Sources */ = {isa = PBXBuildFile; fileRef = 0F0ADEF3200E433C00B4C539 /* MyNotificationBase.swift */; };
		0F3AAA09200BA97500FA753F /* LastUpdateTable.swift in Sources */ = {isa = PBXBuildFile; fileRef = 0F3AAA08200BA97500FA753F /* LastUpdateTable.swift */; };
		0F86C075200E6BD300860B68 /* ItemCell.swift in Sources */ = {isa = PBXBuildFile; fileRef = 0F86C074200E6BD300860B68 /* ItemCell.swift */; };
		0F86C077200E6C8E00860B68 /* MyItemTableViewController.swift in Sources */ = {isa = PBXBuildFile; fileRef = 0F86C076200E6C8E00860B68 /* MyItemTableViewController.swift */; };
		68C327A30ED1E63C3D36672F /* Pods_TimeToBagV1.framework in Frameworks */ = {isa = PBXBuildFile; fileRef = 337BD1CE655B015426A1A96B /* Pods_TimeToBagV1.framework */; };
		8411D90C1FFEDD8500DAFD90 /* FirebaseFileStore.swift in Sources */ = {isa = PBXBuildFile; fileRef = 8411D8F01FFEDD8400DAFD90 /* FirebaseFileStore.swift */; };
		8411D90D1FFEDD8500DAFD90 /* LocalFileStore.swift in Sources */ = {isa = PBXBuildFile; fileRef = 8411D8F11FFEDD8400DAFD90 /* LocalFileStore.swift */; };
		8411D90E1FFEDD8500DAFD90 /* ModelFilesStore.swift in Sources */ = {isa = PBXBuildFile; fileRef = 8411D8F21FFEDD8400DAFD90 /* ModelFilesStore.swift */; };
		8411D90F1FFEDD8500DAFD90 /* VacationTypeDataGenerator.swift in Sources */ = {isa = PBXBuildFile; fileRef = 8411D8F41FFEDD8400DAFD90 /* VacationTypeDataGenerator.swift */; };
		8411D9101FFEDD8500DAFD90 /* WeatherDataGenerator.swift in Sources */ = {isa = PBXBuildFile; fileRef = 8411D8F51FFEDD8400DAFD90 /* WeatherDataGenerator.swift */; };
		8411D9111FFEDD8500DAFD90 /* Bag.swift in Sources */ = {isa = PBXBuildFile; fileRef = 8411D8F71FFEDD8400DAFD90 /* Bag.swift */; };
		8411D9121FFEDD8500DAFD90 /* Weather.swift in Sources */ = {isa = PBXBuildFile; fileRef = 8411D8F91FFEDD8400DAFD90 /* Weather.swift */; };
		8411D9131FFEDD8500DAFD90 /* VacationType.swift in Sources */ = {isa = PBXBuildFile; fileRef = 8411D8FA1FFEDD8400DAFD90 /* VacationType.swift */; };
		8411D9141FFEDD8500DAFD90 /* MyAuthentication.swift in Sources */ = {isa = PBXBuildFile; fileRef = 8411D8FC1FFEDD8400DAFD90 /* MyAuthentication.swift */; };
		8411D9151FFEDD8500DAFD90 /* HomeTabTableViewController.swift in Sources */ = {isa = PBXBuildFile; fileRef = 8411D8FF1FFEDD8400DAFD90 /* HomeTabTableViewController.swift */; };
		8411D9161FFEDD8500DAFD90 /* SettingsTabTableViewController.swift in Sources */ = {isa = PBXBuildFile; fileRef = 8411D9001FFEDD8400DAFD90 /* SettingsTabTableViewController.swift */; };
		8411D9171FFEDD8500DAFD90 /* MainTabBarViewController.swift in Sources */ = {isa = PBXBuildFile; fileRef = 8411D9021FFEDD8400DAFD90 /* MainTabBarViewController.swift */; };
		8411D9181FFEDD8500DAFD90 /* GlobalTabViewController.swift in Sources */ = {isa = PBXBuildFile; fileRef = 8411D9031FFEDD8400DAFD90 /* GlobalTabViewController.swift */; };
		8411D9191FFEDD8500DAFD90 /* CreateBagTableViewController.swift in Sources */ = {isa = PBXBuildFile; fileRef = 8411D9041FFEDD8400DAFD90 /* CreateBagTableViewController.swift */; };
		8411D91A1FFEDD8500DAFD90 /* LoginViewController.swift in Sources */ = {isa = PBXBuildFile; fileRef = 8411D9051FFEDD8400DAFD90 /* LoginViewController.swift */; };
		8411D91B1FFEDD8500DAFD90 /* MyCell.swift in Sources */ = {isa = PBXBuildFile; fileRef = 8411D9071FFEDD8400DAFD90 /* MyCell.swift */; };
		8411D91C1FFEDD8500DAFD90 /* PressableButton.swift in Sources */ = {isa = PBXBuildFile; fileRef = 8411D9081FFEDD8400DAFD90 /* PressableButton.swift */; };
		8411D91D1FFEDD8500DAFD90 /* ScaleSegue.swift in Sources */ = {isa = PBXBuildFile; fileRef = 8411D9091FFEDD8400DAFD90 /* ScaleSegue.swift */; };
		8411D91E1FFEDD8500DAFD90 /* MyTextField.swift in Sources */ = {isa = PBXBuildFile; fileRef = 8411D90A1FFEDD8400DAFD90 /* MyTextField.swift */; };
		8411D91F1FFEDD8500DAFD90 /* Toast.swift in Sources */ = {isa = PBXBuildFile; fileRef = 8411D90B1FFEDD8400DAFD90 /* Toast.swift */; };
		8417233E1FF809D900811221 /* AppDelegate.swift in Sources */ = {isa = PBXBuildFile; fileRef = 8417233D1FF809D900811221 /* AppDelegate.swift */; };
		841723481FF809D900811221 /* LaunchScreen.storyboard in Resources */ = {isa = PBXBuildFile; fileRef = 841723461FF809D900811221 /* LaunchScreen.storyboard */; };
		841723501FF80A3A00811221 /* GoogleService-Info.plist in Resources */ = {isa = PBXBuildFile; fileRef = 8417234F1FF80A3A00811221 /* GoogleService-Info.plist */; };
		844820C11FFAF02300597591 /* libsqlite3.0.tbd in Frameworks */ = {isa = PBXBuildFile; fileRef = 844820C01FFAF02300597591 /* libsqlite3.0.tbd */; };
		84B7DD481FF80D58006F174F /* Main.storyboard in Resources */ = {isa = PBXBuildFile; fileRef = 84B7DD471FF80D58006F174F /* Main.storyboard */; };
		84B7DD5D1FF84FD6006F174F /* Assets.xcassets in Resources */ = {isa = PBXBuildFile; fileRef = 84B7DD5C1FF84FD6006F174F /* Assets.xcassets */; };
		84E0329120058A0100C8BFB4 /* Item.swift in Sources */ = {isa = PBXBuildFile; fileRef = 84E0329020058A0100C8BFB4 /* Item.swift */; };
		84E0329820058A1D00C8BFB4 /* LocalDbModel.swift in Sources */ = {isa = PBXBuildFile; fileRef = 84E0329420058A1D00C8BFB4 /* LocalDbModel.swift */; };
		84E0329920058A1E00C8BFB4 /* ModelSql.swift in Sources */ = {isa = PBXBuildFile; fileRef = 84E0329520058A1D00C8BFB4 /* ModelSql.swift */; };
		84E0329A20058A1E00C8BFB4 /* FirebaseBagModel.swift in Sources */ = {isa = PBXBuildFile; fileRef = 84E0329620058A1D00C8BFB4 /* FirebaseBagModel.swift */; };
		84E0329D20058A2E00C8BFB4 /* Date+firebase.swift in Sources */ = {isa = PBXBuildFile; fileRef = 84E0329C20058A2E00C8BFB4 /* Date+firebase.swift */; };
		84E0329F20058A3600C8BFB4 /* Model.swift in Sources */ = {isa = PBXBuildFile; fileRef = 84E0329E20058A3600C8BFB4 /* Model.swift */; };
/* End PBXBuildFile section */

/* Begin PBXFileReference section */
		0F0ADEF3200E433C00B4C539 /* MyNotificationBase.swift */ = {isa = PBXFileReference; lastKnownFileType = sourcecode.swift; path = MyNotificationBase.swift; sourceTree = "<group>"; };
		0F3AAA08200BA97500FA753F /* LastUpdateTable.swift */ = {isa = PBXFileReference; lastKnownFileType = sourcecode.swift; path = LastUpdateTable.swift; sourceTree = "<group>"; };
		0F86C074200E6BD300860B68 /* ItemCell.swift */ = {isa = PBXFileReference; lastKnownFileType = sourcecode.swift; path = ItemCell.swift; sourceTree = "<group>"; };
		0F86C076200E6C8E00860B68 /* MyItemTableViewController.swift */ = {isa = PBXFileReference; lastKnownFileType = sourcecode.swift; path = MyItemTableViewController.swift; sourceTree = "<group>"; };
		337BD1CE655B015426A1A96B /* Pods_TimeToBagV1.framework */ = {isa = PBXFileReference; explicitFileType = wrapper.framework; includeInIndex = 0; path = Pods_TimeToBagV1.framework; sourceTree = BUILT_PRODUCTS_DIR; };
		66F3B9C07B87FDDB1F0087DC /* Pods-TimeToBagV1.debug.xcconfig */ = {isa = PBXFileReference; includeInIndex = 1; lastKnownFileType = text.xcconfig; name = "Pods-TimeToBagV1.debug.xcconfig"; path = "Pods/Target Support Files/Pods-TimeToBagV1/Pods-TimeToBagV1.debug.xcconfig"; sourceTree = "<group>"; };
		77AB88A75EA25E9D4C4E4DDD /* Pods-TimeToBagV1.release.xcconfig */ = {isa = PBXFileReference; includeInIndex = 1; lastKnownFileType = text.xcconfig; name = "Pods-TimeToBagV1.release.xcconfig"; path = "Pods/Target Support Files/Pods-TimeToBagV1/Pods-TimeToBagV1.release.xcconfig"; sourceTree = "<group>"; };
		8411D8F01FFEDD8400DAFD90 /* FirebaseFileStore.swift */ = {isa = PBXFileReference; fileEncoding = 4; lastKnownFileType = sourcecode.swift; path = FirebaseFileStore.swift; sourceTree = "<group>"; };
		8411D8F11FFEDD8400DAFD90 /* LocalFileStore.swift */ = {isa = PBXFileReference; fileEncoding = 4; lastKnownFileType = sourcecode.swift; path = LocalFileStore.swift; sourceTree = "<group>"; };
		8411D8F21FFEDD8400DAFD90 /* ModelFilesStore.swift */ = {isa = PBXFileReference; fileEncoding = 4; lastKnownFileType = sourcecode.swift; path = ModelFilesStore.swift; sourceTree = "<group>"; };
		8411D8F41FFEDD8400DAFD90 /* VacationTypeDataGenerator.swift */ = {isa = PBXFileReference; fileEncoding = 4; lastKnownFileType = sourcecode.swift; path = VacationTypeDataGenerator.swift; sourceTree = "<group>"; };
		8411D8F51FFEDD8400DAFD90 /* WeatherDataGenerator.swift */ = {isa = PBXFileReference; fileEncoding = 4; lastKnownFileType = sourcecode.swift; path = WeatherDataGenerator.swift; sourceTree = "<group>"; };
		8411D8F71FFEDD8400DAFD90 /* Bag.swift */ = {isa = PBXFileReference; fileEncoding = 4; lastKnownFileType = sourcecode.swift; path = Bag.swift; sourceTree = "<group>"; };
		8411D8F91FFEDD8400DAFD90 /* Weather.swift */ = {isa = PBXFileReference; fileEncoding = 4; lastKnownFileType = sourcecode.swift; path = Weather.swift; sourceTree = "<group>"; };
		8411D8FA1FFEDD8400DAFD90 /* VacationType.swift */ = {isa = PBXFileReference; fileEncoding = 4; lastKnownFileType = sourcecode.swift; path = VacationType.swift; sourceTree = "<group>"; };
		8411D8FC1FFEDD8400DAFD90 /* MyAuthentication.swift */ = {isa = PBXFileReference; fileEncoding = 4; lastKnownFileType = sourcecode.swift; path = MyAuthentication.swift; sourceTree = "<group>"; };
		8411D8FF1FFEDD8400DAFD90 /* HomeTabTableViewController.swift */ = {isa = PBXFileReference; fileEncoding = 4; lastKnownFileType = sourcecode.swift; path = HomeTabTableViewController.swift; sourceTree = "<group>"; };
		8411D9001FFEDD8400DAFD90 /* SettingsTabTableViewController.swift */ = {isa = PBXFileReference; fileEncoding = 4; lastKnownFileType = sourcecode.swift; path = SettingsTabTableViewController.swift; sourceTree = "<group>"; };
		8411D9021FFEDD8400DAFD90 /* MainTabBarViewController.swift */ = {isa = PBXFileReference; fileEncoding = 4; lastKnownFileType = sourcecode.swift; path = MainTabBarViewController.swift; sourceTree = "<group>"; };
		8411D9031FFEDD8400DAFD90 /* GlobalTabViewController.swift */ = {isa = PBXFileReference; fileEncoding = 4; lastKnownFileType = sourcecode.swift; path = GlobalTabViewController.swift; sourceTree = "<group>"; };
		8411D9041FFEDD8400DAFD90 /* CreateBagTableViewController.swift */ = {isa = PBXFileReference; fileEncoding = 4; lastKnownFileType = sourcecode.swift; path = CreateBagTableViewController.swift; sourceTree = "<group>"; };
		8411D9051FFEDD8400DAFD90 /* LoginViewController.swift */ = {isa = PBXFileReference; fileEncoding = 4; lastKnownFileType = sourcecode.swift; path = LoginViewController.swift; sourceTree = "<group>"; };
		8411D9071FFEDD8400DAFD90 /* MyCell.swift */ = {isa = PBXFileReference; fileEncoding = 4; lastKnownFileType = sourcecode.swift; path = MyCell.swift; sourceTree = "<group>"; };
		8411D9081FFEDD8400DAFD90 /* PressableButton.swift */ = {isa = PBXFileReference; fileEncoding = 4; lastKnownFileType = sourcecode.swift; path = PressableButton.swift; sourceTree = "<group>"; };
		8411D9091FFEDD8400DAFD90 /* ScaleSegue.swift */ = {isa = PBXFileReference; fileEncoding = 4; lastKnownFileType = sourcecode.swift; path = ScaleSegue.swift; sourceTree = "<group>"; };
		8411D90A1FFEDD8400DAFD90 /* MyTextField.swift */ = {isa = PBXFileReference; fileEncoding = 4; lastKnownFileType = sourcecode.swift; path = MyTextField.swift; sourceTree = "<group>"; };
		8411D90B1FFEDD8400DAFD90 /* Toast.swift */ = {isa = PBXFileReference; fileEncoding = 4; lastKnownFileType = sourcecode.swift; path = Toast.swift; sourceTree = "<group>"; };
		8417233A1FF809D900811221 /* TimeToBagV1.app */ = {isa = PBXFileReference; explicitFileType = wrapper.application; includeInIndex = 0; path = TimeToBagV1.app; sourceTree = BUILT_PRODUCTS_DIR; };
		8417233D1FF809D900811221 /* AppDelegate.swift */ = {isa = PBXFileReference; lastKnownFileType = sourcecode.swift; path = AppDelegate.swift; sourceTree = "<group>"; };
		841723471FF809D900811221 /* Base */ = {isa = PBXFileReference; lastKnownFileType = file.storyboard; name = Base; path = Base.lproj/LaunchScreen.storyboard; sourceTree = "<group>"; };
		841723491FF809D900811221 /* Info.plist */ = {isa = PBXFileReference; lastKnownFileType = text.plist.xml; path = Info.plist; sourceTree = "<group>"; };
		8417234F1FF80A3A00811221 /* GoogleService-Info.plist */ = {isa = PBXFileReference; fileEncoding = 4; lastKnownFileType = text.plist.xml; path = "GoogleService-Info.plist"; sourceTree = "<group>"; };
		844820C01FFAF02300597591 /* libsqlite3.0.tbd */ = {isa = PBXFileReference; lastKnownFileType = "sourcecode.text-based-dylib-definition"; name = libsqlite3.0.tbd; path = usr/lib/libsqlite3.0.tbd; sourceTree = SDKROOT; };
		844820C21FFAF07900597591 /* TimeToBagV1-Bridging-Header.h */ = {isa = PBXFileReference; lastKnownFileType = sourcecode.c.h; path = "TimeToBagV1-Bridging-Header.h"; sourceTree = "<group>"; };
		84B7DD471FF80D58006F174F /* Main.storyboard */ = {isa = PBXFileReference; fileEncoding = 4; lastKnownFileType = file.storyboard; path = Main.storyboard; sourceTree = "<group>"; };
		84B7DD5C1FF84FD6006F174F /* Assets.xcassets */ = {isa = PBXFileReference; lastKnownFileType = folder.assetcatalog; path = Assets.xcassets; sourceTree = "<group>"; };
		84E0329020058A0100C8BFB4 /* Item.swift */ = {isa = PBXFileReference; fileEncoding = 4; lastKnownFileType = sourcecode.swift; path = Item.swift; sourceTree = "<group>"; };
		84E0329420058A1D00C8BFB4 /* LocalDbModel.swift */ = {isa = PBXFileReference; fileEncoding = 4; lastKnownFileType = sourcecode.swift; path = LocalDbModel.swift; sourceTree = "<group>"; };
		84E0329520058A1D00C8BFB4 /* ModelSql.swift */ = {isa = PBXFileReference; fileEncoding = 4; lastKnownFileType = sourcecode.swift; path = ModelSql.swift; sourceTree = "<group>"; };
		84E0329620058A1D00C8BFB4 /* FirebaseBagModel.swift */ = {isa = PBXFileReference; fileEncoding = 4; lastKnownFileType = sourcecode.swift; path = FirebaseBagModel.swift; sourceTree = "<group>"; };
		84E0329C20058A2E00C8BFB4 /* Date+firebase.swift */ = {isa = PBXFileReference; fileEncoding = 4; lastKnownFileType = sourcecode.swift; path = "Date+firebase.swift"; sourceTree = "<group>"; };
		84E0329E20058A3600C8BFB4 /* Model.swift */ = {isa = PBXFileReference; fileEncoding = 4; lastKnownFileType = sourcecode.swift; path = Model.swift; sourceTree = "<group>"; };
/* End PBXFileReference section */

/* Begin PBXFrameworksBuildPhase section */
		841723371FF809D900811221 /* Frameworks */ = {
			isa = PBXFrameworksBuildPhase;
			buildActionMask = 2147483647;
			files = (
				844820C11FFAF02300597591 /* libsqlite3.0.tbd in Frameworks */,
				68C327A30ED1E63C3D36672F /* Pods_TimeToBagV1.framework in Frameworks */,
			);
			runOnlyForDeploymentPostprocessing = 0;
		};
/* End PBXFrameworksBuildPhase section */

/* Begin PBXGroup section */
		09BF0B0A79EDF827CE5F7ADD /* Pods */ = {
			isa = PBXGroup;
			children = (
				66F3B9C07B87FDDB1F0087DC /* Pods-TimeToBagV1.debug.xcconfig */,
				77AB88A75EA25E9D4C4E4DDD /* Pods-TimeToBagV1.release.xcconfig */,
			);
			name = Pods;
			sourceTree = "<group>";
		};
		8411D8EE1FFEDD8400DAFD90 /* model */ = {
			isa = PBXGroup;
			children = (
				84E0329E20058A3600C8BFB4 /* Model.swift */,
				0F0ADEF3200E433C00B4C539 /* MyNotificationBase.swift */,
				84E0329B20058A2E00C8BFB4 /* utils */,
				84E0329220058A1D00C8BFB4 /* db */,
				8411D8EF1FFEDD8400DAFD90 /* fileManagment */,
				8411D8F31FFEDD8400DAFD90 /* dataGenerators */,
				8411D8F61FFEDD8400DAFD90 /* data */,
				8411D8FB1FFEDD8400DAFD90 /* authentication */,
			);
			path = model;
			sourceTree = "<group>";
		};
		8411D8EF1FFEDD8400DAFD90 /* fileManagment */ = {
			isa = PBXGroup;
			children = (
				8411D8F01FFEDD8400DAFD90 /* FirebaseFileStore.swift */,
				8411D8F11FFEDD8400DAFD90 /* LocalFileStore.swift */,
				8411D8F21FFEDD8400DAFD90 /* ModelFilesStore.swift */,
			);
			path = fileManagment;
			sourceTree = "<group>";
		};
		8411D8F31FFEDD8400DAFD90 /* dataGenerators */ = {
			isa = PBXGroup;
			children = (
				8411D8F41FFEDD8400DAFD90 /* VacationTypeDataGenerator.swift */,
				8411D8F51FFEDD8400DAFD90 /* WeatherDataGenerator.swift */,
			);
			path = dataGenerators;
			sourceTree = "<group>";
		};
		8411D8F61FFEDD8400DAFD90 /* data */ = {
			isa = PBXGroup;
			children = (
				8411D8F71FFEDD8400DAFD90 /* Bag.swift */,
				84E0329020058A0100C8BFB4 /* Item.swift */,
				8411D8F91FFEDD8400DAFD90 /* Weather.swift */,
				8411D8FA1FFEDD8400DAFD90 /* VacationType.swift */,
			);
			path = data;
			sourceTree = "<group>";
		};
		8411D8FB1FFEDD8400DAFD90 /* authentication */ = {
			isa = PBXGroup;
			children = (
				8411D8FC1FFEDD8400DAFD90 /* MyAuthentication.swift */,
			);
			path = authentication;
			sourceTree = "<group>";
		};
		8411D8FD1FFEDD8400DAFD90 /* controllers */ = {
			isa = PBXGroup;
			children = (
				8411D8FE1FFEDD8400DAFD90 /* Tabs */,
				8411D9041FFEDD8400DAFD90 /* CreateBagTableViewController.swift */,
				8411D9051FFEDD8400DAFD90 /* LoginViewController.swift */,
			);
			path = controllers;
			sourceTree = "<group>";
		};
		8411D8FE1FFEDD8400DAFD90 /* Tabs */ = {
			isa = PBXGroup;
			children = (
				8411D8FF1FFEDD8400DAFD90 /* HomeTabTableViewController.swift */,
				8411D9001FFEDD8400DAFD90 /* SettingsTabTableViewController.swift */,
				8411D9021FFEDD8400DAFD90 /* MainTabBarViewController.swift */,
				8411D9031FFEDD8400DAFD90 /* GlobalTabViewController.swift */,
				0F86C076200E6C8E00860B68 /* MyItemTableViewController.swift */,
			);
			path = Tabs;
			sourceTree = "<group>";
		};
		8411D9061FFEDD8400DAFD90 /* views */ = {
			isa = PBXGroup;
			children = (
				8411D9071FFEDD8400DAFD90 /* MyCell.swift */,
				8411D9081FFEDD8400DAFD90 /* PressableButton.swift */,
				8411D9091FFEDD8400DAFD90 /* ScaleSegue.swift */,
				8411D90A1FFEDD8400DAFD90 /* MyTextField.swift */,
				8411D90B1FFEDD8400DAFD90 /* Toast.swift */,
				0F86C074200E6BD300860B68 /* ItemCell.swift */,
			);
			path = views;
			sourceTree = "<group>";
		};
		841723311FF809D900811221 = {
			isa = PBXGroup;
			children = (
				8417233C1FF809D900811221 /* TimeToBagV1 */,
				8417233B1FF809D900811221 /* Products */,
				09BF0B0A79EDF827CE5F7ADD /* Pods */,
				8C7B15C2E24F47D4356F346A /* Frameworks */,
			);
			sourceTree = "<group>";
		};
		8417233B1FF809D900811221 /* Products */ = {
			isa = PBXGroup;
			children = (
				8417233A1FF809D900811221 /* TimeToBagV1.app */,
			);
			name = Products;
			sourceTree = "<group>";
		};
		8417233C1FF809D900811221 /* TimeToBagV1 */ = {
			isa = PBXGroup;
			children = (
				8411D8FD1FFEDD8400DAFD90 /* controllers */,
				8411D8EE1FFEDD8400DAFD90 /* model */,
				8411D9061FFEDD8400DAFD90 /* views */,
				8417233D1FF809D900811221 /* AppDelegate.swift */,
				84B7DD471FF80D58006F174F /* Main.storyboard */,
				8417234F1FF80A3A00811221 /* GoogleService-Info.plist */,
				841723461FF809D900811221 /* LaunchScreen.storyboard */,
				841723491FF809D900811221 /* Info.plist */,
				84B7DD5C1FF84FD6006F174F /* Assets.xcassets */,
				844820C21FFAF07900597591 /* TimeToBagV1-Bridging-Header.h */,
			);
			path = TimeToBagV1;
			sourceTree = "<group>";
		};
		84E0329220058A1D00C8BFB4 /* db */ = {
			isa = PBXGroup;
			children = (
				84E0329420058A1D00C8BFB4 /* LocalDbModel.swift */,
				84E0329520058A1D00C8BFB4 /* ModelSql.swift */,
				84E0329620058A1D00C8BFB4 /* FirebaseBagModel.swift */,
				0F3AAA08200BA97500FA753F /* LastUpdateTable.swift */,
			);
			path = db;
			sourceTree = "<group>";
		};
		84E0329B20058A2E00C8BFB4 /* utils */ = {
			isa = PBXGroup;
			children = (
				84E0329C20058A2E00C8BFB4 /* Date+firebase.swift */,
			);
			path = utils;
			sourceTree = "<group>";
		};
		8C7B15C2E24F47D4356F346A /* Frameworks */ = {
			isa = PBXGroup;
			children = (
				844820C01FFAF02300597591 /* libsqlite3.0.tbd */,
				337BD1CE655B015426A1A96B /* Pods_TimeToBagV1.framework */,
			);
			name = Frameworks;
			sourceTree = "<group>";
		};
/* End PBXGroup section */

/* Begin PBXNativeTarget section */
		841723391FF809D900811221 /* TimeToBagV1 */ = {
			isa = PBXNativeTarget;
			buildConfigurationList = 8417234C1FF809D900811221 /* Build configuration list for PBXNativeTarget "TimeToBagV1" */;
			buildPhases = (
				8E0563DB340F95EF3E602154 /* [CP] Check Pods Manifest.lock */,
				841723361FF809D900811221 /* Sources */,
				841723371FF809D900811221 /* Frameworks */,
				841723381FF809D900811221 /* Resources */,
				89220FCEC2CE21DDA795C50B /* [CP] Embed Pods Frameworks */,
				D00C9236BFB1057BF49FF982 /* [CP] Copy Pods Resources */,
			);
			buildRules = (
			);
			dependencies = (
			);
			name = TimeToBagV1;
			productName = TimeToBagV1;
			productReference = 8417233A1FF809D900811221 /* TimeToBagV1.app */;
			productType = "com.apple.product-type.application";
		};
/* End PBXNativeTarget section */

/* Begin PBXProject section */
		841723321FF809D900811221 /* Project object */ = {
			isa = PBXProject;
			attributes = {
				LastSwiftUpdateCheck = 0920;
				LastUpgradeCheck = 0920;
				ORGANIZATIONNAME = admin;
				TargetAttributes = {
					841723391FF809D900811221 = {
						CreatedOnToolsVersion = 9.2;
						LastSwiftMigration = 0920;
						ProvisioningStyle = Automatic;
					};
				};
			};
			buildConfigurationList = 841723351FF809D900811221 /* Build configuration list for PBXProject "TimeToBagV1" */;
			compatibilityVersion = "Xcode 8.0";
			developmentRegion = en;
			hasScannedForEncodings = 0;
			knownRegions = (
				en,
				Base,
			);
			mainGroup = 841723311FF809D900811221;
			productRefGroup = 8417233B1FF809D900811221 /* Products */;
			projectDirPath = "";
			projectRoot = "";
			targets = (
				841723391FF809D900811221 /* TimeToBagV1 */,
			);
		};
/* End PBXProject section */

/* Begin PBXResourcesBuildPhase section */
		841723381FF809D900811221 /* Resources */ = {
			isa = PBXResourcesBuildPhase;
			buildActionMask = 2147483647;
			files = (
				841723481FF809D900811221 /* LaunchScreen.storyboard in Resources */,
				841723501FF80A3A00811221 /* GoogleService-Info.plist in Resources */,
				84B7DD5D1FF84FD6006F174F /* Assets.xcassets in Resources */,
				84B7DD481FF80D58006F174F /* Main.storyboard in Resources */,
			);
			runOnlyForDeploymentPostprocessing = 0;
		};
/* End PBXResourcesBuildPhase section */

/* Begin PBXShellScriptBuildPhase section */
		89220FCEC2CE21DDA795C50B /* [CP] Embed Pods Frameworks */ = {
			isa = PBXShellScriptBuildPhase;
			buildActionMask = 2147483647;
			files = (
			);
			inputPaths = (
				"${SRCROOT}/Pods/Target Support Files/Pods-TimeToBagV1/Pods-TimeToBagV1-frameworks.sh",
				"${BUILT_PRODUCTS_DIR}/GTMSessionFetcher/GTMSessionFetcher.framework",
				"${BUILT_PRODUCTS_DIR}/GoogleToolboxForMac/GoogleToolboxForMac.framework",
				"${BUILT_PRODUCTS_DIR}/M13Checkbox/M13Checkbox.framework",
				"${BUILT_PRODUCTS_DIR}/SwiftSpinner/SwiftSpinner.framework",
				"${BUILT_PRODUCTS_DIR}/TextFieldEffects/TextFieldEffects.framework",
				"${BUILT_PRODUCTS_DIR}/leveldb-library/leveldb.framework",
				"${BUILT_PRODUCTS_DIR}/nanopb/nanopb.framework",
			);
			name = "[CP] Embed Pods Frameworks";
			outputPaths = (
				"${TARGET_BUILD_DIR}/${FRAMEWORKS_FOLDER_PATH}/GTMSessionFetcher.framework",
				"${TARGET_BUILD_DIR}/${FRAMEWORKS_FOLDER_PATH}/GoogleToolboxForMac.framework",
				"${TARGET_BUILD_DIR}/${FRAMEWORKS_FOLDER_PATH}/M13Checkbox.framework",
				"${TARGET_BUILD_DIR}/${FRAMEWORKS_FOLDER_PATH}/SwiftSpinner.framework",
				"${TARGET_BUILD_DIR}/${FRAMEWORKS_FOLDER_PATH}/TextFieldEffects.framework",
				"${TARGET_BUILD_DIR}/${FRAMEWORKS_FOLDER_PATH}/leveldb.framework",
				"${TARGET_BUILD_DIR}/${FRAMEWORKS_FOLDER_PATH}/nanopb.framework",
			);
			runOnlyForDeploymentPostprocessing = 0;
			shellPath = /bin/sh;
			shellScript = "\"${SRCROOT}/Pods/Target Support Files/Pods-TimeToBagV1/Pods-TimeToBagV1-frameworks.sh\"\n";
			showEnvVarsInLog = 0;
		};
		8E0563DB340F95EF3E602154 /* [CP] Check Pods Manifest.lock */ = {
			isa = PBXShellScriptBuildPhase;
			buildActionMask = 2147483647;
			files = (
			);
			inputPaths = (
				"${PODS_PODFILE_DIR_PATH}/Podfile.lock",
				"${PODS_ROOT}/Manifest.lock",
			);
			name = "[CP] Check Pods Manifest.lock";
			outputPaths = (
				"$(DERIVED_FILE_DIR)/Pods-TimeToBagV1-checkManifestLockResult.txt",
			);
			runOnlyForDeploymentPostprocessing = 0;
			shellPath = /bin/sh;
			shellScript = "diff \"${PODS_PODFILE_DIR_PATH}/Podfile.lock\" \"${PODS_ROOT}/Manifest.lock\" > /dev/null\nif [ $? != 0 ] ; then\n    # print error to STDERR\n    echo \"error: The sandbox is not in sync with the Podfile.lock. Run 'pod install' or update your CocoaPods installation.\" >&2\n    exit 1\nfi\n# This output is used by Xcode 'outputs' to avoid re-running this script phase.\necho \"SUCCESS\" > \"${SCRIPT_OUTPUT_FILE_0}\"\n";
			showEnvVarsInLog = 0;
		};
		D00C9236BFB1057BF49FF982 /* [CP] Copy Pods Resources */ = {
			isa = PBXShellScriptBuildPhase;
			buildActionMask = 2147483647;
			files = (
			);
			inputPaths = (
			);
			name = "[CP] Copy Pods Resources";
			outputPaths = (
			);
			runOnlyForDeploymentPostprocessing = 0;
			shellPath = /bin/sh;
			shellScript = "\"${SRCROOT}/Pods/Target Support Files/Pods-TimeToBagV1/Pods-TimeToBagV1-resources.sh\"\n";
			showEnvVarsInLog = 0;
		};
/* End PBXShellScriptBuildPhase section */

/* Begin PBXSourcesBuildPhase section */
		841723361FF809D900811221 /* Sources */ = {
			isa = PBXSourcesBuildPhase;
			buildActionMask = 2147483647;
			files = (
				84E0329D20058A2E00C8BFB4 /* Date+firebase.swift in Sources */,
				8411D9121FFEDD8500DAFD90 /* Weather.swift in Sources */,
				0F86C077200E6C8E00860B68 /* MyItemTableViewController.swift in Sources */,
				8411D90C1FFEDD8500DAFD90 /* FirebaseFileStore.swift in Sources */,
				84E0329920058A1E00C8BFB4 /* ModelSql.swift in Sources */,
				8411D9151FFEDD8500DAFD90 /* HomeTabTableViewController.swift in Sources */,
				8411D91B1FFEDD8500DAFD90 /* MyCell.swift in Sources */,
				84E0329A20058A1E00C8BFB4 /* FirebaseBagModel.swift in Sources */,
				84E0329F20058A3600C8BFB4 /* Model.swift in Sources */,
				8411D91D1FFEDD8500DAFD90 /* ScaleSegue.swift in Sources */,
				8411D90E1FFEDD8500DAFD90 /* ModelFilesStore.swift in Sources */,
				84E0329120058A0100C8BFB4 /* Item.swift in Sources */,
				0F3AAA09200BA97500FA753F /* LastUpdateTable.swift in Sources */,
				8411D9131FFEDD8500DAFD90 /* VacationType.swift in Sources */,
				8411D9111FFEDD8500DAFD90 /* Bag.swift in Sources */,
				0F86C075200E6BD300860B68 /* ItemCell.swift in Sources */,
				8411D9161FFEDD8500DAFD90 /* SettingsTabTableViewController.swift in Sources */,
				0F0ADEF4200E433C00B4C539 /* MyNotificationBase.swift in Sources */,
				8411D9171FFEDD8500DAFD90 /* MainTabBarViewController.swift in Sources */,
				8411D91C1FFEDD8500DAFD90 /* PressableButton.swift in Sources */,
				8411D9141FFEDD8500DAFD90 /* MyAuthentication.swift in Sources */,
				8417233E1FF809D900811221 /* AppDelegate.swift in Sources */,
				8411D91F1FFEDD8500DAFD90 /* Toast.swift in Sources */,
				8411D90F1FFEDD8500DAFD90 /* VacationTypeDataGenerator.swift in Sources */,
				8411D9101FFEDD8500DAFD90 /* WeatherDataGenerator.swift in Sources */,
				8411D91E1FFEDD8500DAFD90 /* MyTextField.swift in Sources */,
				8411D91A1FFEDD8500DAFD90 /* LoginViewController.swift in Sources */,
				8411D9191FFEDD8500DAFD90 /* CreateBagTableViewController.swift in Sources */,
				8411D90D1FFEDD8500DAFD90 /* LocalFileStore.swift in Sources */,
				8411D9181FFEDD8500DAFD90 /* GlobalTabViewController.swift in Sources */,
				84E0329820058A1D00C8BFB4 /* LocalDbModel.swift in Sources */,
			);
			runOnlyForDeploymentPostprocessing = 0;
		};
/* End PBXSourcesBuildPhase section */

/* Begin PBXVariantGroup section */
		841723461FF809D900811221 /* LaunchScreen.storyboard */ = {
			isa = PBXVariantGroup;
			children = (
				841723471FF809D900811221 /* Base */,
			);
			name = LaunchScreen.storyboard;
			sourceTree = "<group>";
		};
/* End PBXVariantGroup section */

/* Begin XCBuildConfiguration section */
		8417234A1FF809D900811221 /* Debug */ = {
			isa = XCBuildConfiguration;
			buildSettings = {
				ALWAYS_SEARCH_USER_PATHS = NO;
				CLANG_ANALYZER_NONNULL = YES;
				CLANG_ANALYZER_NUMBER_OBJECT_CONVERSION = YES_AGGRESSIVE;
				CLANG_CXX_LANGUAGE_STANDARD = "gnu++14";
				CLANG_CXX_LIBRARY = "libc++";
				CLANG_ENABLE_MODULES = YES;
				CLANG_ENABLE_OBJC_ARC = YES;
				CLANG_WARN_BLOCK_CAPTURE_AUTORELEASING = YES;
				CLANG_WARN_BOOL_CONVERSION = YES;
				CLANG_WARN_COMMA = YES;
				CLANG_WARN_CONSTANT_CONVERSION = YES;
				CLANG_WARN_DIRECT_OBJC_ISA_USAGE = YES_ERROR;
				CLANG_WARN_DOCUMENTATION_COMMENTS = YES;
				CLANG_WARN_EMPTY_BODY = YES;
				CLANG_WARN_ENUM_CONVERSION = YES;
				CLANG_WARN_INFINITE_RECURSION = YES;
				CLANG_WARN_INT_CONVERSION = YES;
				CLANG_WARN_NON_LITERAL_NULL_CONVERSION = YES;
				CLANG_WARN_OBJC_LITERAL_CONVERSION = YES;
				CLANG_WARN_OBJC_ROOT_CLASS = YES_ERROR;
				CLANG_WARN_RANGE_LOOP_ANALYSIS = YES;
				CLANG_WARN_STRICT_PROTOTYPES = YES;
				CLANG_WARN_SUSPICIOUS_MOVE = YES;
				CLANG_WARN_UNGUARDED_AVAILABILITY = YES_AGGRESSIVE;
				CLANG_WARN_UNREACHABLE_CODE = YES;
				CLANG_WARN__DUPLICATE_METHOD_MATCH = YES;
				CODE_SIGN_IDENTITY = "iPhone Developer";
				COPY_PHASE_STRIP = NO;
				DEBUG_INFORMATION_FORMAT = dwarf;
				ENABLE_STRICT_OBJC_MSGSEND = YES;
				ENABLE_TESTABILITY = YES;
				GCC_C_LANGUAGE_STANDARD = gnu11;
				GCC_DYNAMIC_NO_PIC = NO;
				GCC_NO_COMMON_BLOCKS = YES;
				GCC_OPTIMIZATION_LEVEL = 0;
				GCC_PREPROCESSOR_DEFINITIONS = (
					"DEBUG=1",
					"$(inherited)",
				);
				GCC_WARN_64_TO_32_BIT_CONVERSION = YES;
				GCC_WARN_ABOUT_RETURN_TYPE = YES_ERROR;
				GCC_WARN_UNDECLARED_SELECTOR = YES;
				GCC_WARN_UNINITIALIZED_AUTOS = YES_AGGRESSIVE;
				GCC_WARN_UNUSED_FUNCTION = YES;
				GCC_WARN_UNUSED_VARIABLE = YES;
				IPHONEOS_DEPLOYMENT_TARGET = 11.2;
				MTL_ENABLE_DEBUG_INFO = YES;
				ONLY_ACTIVE_ARCH = YES;
				SDKROOT = iphoneos;
				SWIFT_ACTIVE_COMPILATION_CONDITIONS = DEBUG;
				SWIFT_OPTIMIZATION_LEVEL = "-Onone";
			};
			name = Debug;
		};
		8417234B1FF809D900811221 /* Release */ = {
			isa = XCBuildConfiguration;
			buildSettings = {
				ALWAYS_SEARCH_USER_PATHS = NO;
				CLANG_ANALYZER_NONNULL = YES;
				CLANG_ANALYZER_NUMBER_OBJECT_CONVERSION = YES_AGGRESSIVE;
				CLANG_CXX_LANGUAGE_STANDARD = "gnu++14";
				CLANG_CXX_LIBRARY = "libc++";
				CLANG_ENABLE_MODULES = YES;
				CLANG_ENABLE_OBJC_ARC = YES;
				CLANG_WARN_BLOCK_CAPTURE_AUTORELEASING = YES;
				CLANG_WARN_BOOL_CONVERSION = YES;
				CLANG_WARN_COMMA = YES;
				CLANG_WARN_CONSTANT_CONVERSION = YES;
				CLANG_WARN_DIRECT_OBJC_ISA_USAGE = YES_ERROR;
				CLANG_WARN_DOCUMENTATION_COMMENTS = YES;
				CLANG_WARN_EMPTY_BODY = YES;
				CLANG_WARN_ENUM_CONVERSION = YES;
				CLANG_WARN_INFINITE_RECURSION = YES;
				CLANG_WARN_INT_CONVERSION = YES;
				CLANG_WARN_NON_LITERAL_NULL_CONVERSION = YES;
				CLANG_WARN_OBJC_LITERAL_CONVERSION = YES;
				CLANG_WARN_OBJC_ROOT_CLASS = YES_ERROR;
				CLANG_WARN_RANGE_LOOP_ANALYSIS = YES;
				CLANG_WARN_STRICT_PROTOTYPES = YES;
				CLANG_WARN_SUSPICIOUS_MOVE = YES;
				CLANG_WARN_UNGUARDED_AVAILABILITY = YES_AGGRESSIVE;
				CLANG_WARN_UNREACHABLE_CODE = YES;
				CLANG_WARN__DUPLICATE_METHOD_MATCH = YES;
				CODE_SIGN_IDENTITY = "iPhone Developer";
				COPY_PHASE_STRIP = NO;
				DEBUG_INFORMATION_FORMAT = "dwarf-with-dsym";
				ENABLE_NS_ASSERTIONS = NO;
				ENABLE_STRICT_OBJC_MSGSEND = YES;
				GCC_C_LANGUAGE_STANDARD = gnu11;
				GCC_NO_COMMON_BLOCKS = YES;
				GCC_WARN_64_TO_32_BIT_CONVERSION = YES;
				GCC_WARN_ABOUT_RETURN_TYPE = YES_ERROR;
				GCC_WARN_UNDECLARED_SELECTOR = YES;
				GCC_WARN_UNINITIALIZED_AUTOS = YES_AGGRESSIVE;
				GCC_WARN_UNUSED_FUNCTION = YES;
				GCC_WARN_UNUSED_VARIABLE = YES;
				IPHONEOS_DEPLOYMENT_TARGET = 11.2;
				MTL_ENABLE_DEBUG_INFO = NO;
				SDKROOT = iphoneos;
				SWIFT_OPTIMIZATION_LEVEL = "-Owholemodule";
				VALIDATE_PRODUCT = YES;
			};
			name = Release;
		};
		8417234D1FF809D900811221 /* Debug */ = {
			isa = XCBuildConfiguration;
			baseConfigurationReference = 66F3B9C07B87FDDB1F0087DC /* Pods-TimeToBagV1.debug.xcconfig */;
			buildSettings = {
				ASSETCATALOG_COMPILER_APPICON_NAME = AppIcon;
				CLANG_ENABLE_MODULES = YES;
				CODE_SIGN_STYLE = Automatic;
				INFOPLIST_FILE = TimeToBagV1/Info.plist;
				IPHONEOS_DEPLOYMENT_TARGET = 11.0;
				LD_RUNPATH_SEARCH_PATHS = "$(inherited) @executable_path/Frameworks";
				"OTHER_SWIFT_FLAGS[arch=*]" = "$(inherited) \"-D\" \"EXTENSTION\"";
				PRODUCT_BUNDLE_IDENTIFIER = com.tal.TimeToBagV1;
				PRODUCT_NAME = "$(TARGET_NAME)";
				SWIFT_OBJC_BRIDGING_HEADER = "TimeToBagV1/TimeToBagV1-Bridging-Header.h";
				SWIFT_OPTIMIZATION_LEVEL = "-Onone";
				SWIFT_VERSION = 4.0;
				TARGETED_DEVICE_FAMILY = "1,2";
			};
			name = Debug;
		};
		8417234E1FF809D900811221 /* Release */ = {
			isa = XCBuildConfiguration;
			baseConfigurationReference = 77AB88A75EA25E9D4C4E4DDD /* Pods-TimeToBagV1.release.xcconfig */;
			buildSettings = {
				ASSETCATALOG_COMPILER_APPICON_NAME = AppIcon;
				CLANG_ENABLE_MODULES = YES;
				CODE_SIGN_STYLE = Automatic;
				INFOPLIST_FILE = TimeToBagV1/Info.plist;
				IPHONEOS_DEPLOYMENT_TARGET = 11.0;
				LD_RUNPATH_SEARCH_PATHS = "$(inherited) @executable_path/Frameworks";
				"OTHER_SWIFT_FLAGS[arch=*]" = "$(inherited) \"-D\" \"EXTENSION\"";
				PRODUCT_BUNDLE_IDENTIFIER = com.tal.TimeToBagV1;
				PRODUCT_NAME = "$(TARGET_NAME)";
				SWIFT_OBJC_BRIDGING_HEADER = "TimeToBagV1/TimeToBagV1-Bridging-Header.h";
				SWIFT_VERSION = 4.0;
				TARGETED_DEVICE_FAMILY = "1,2";
			};
			name = Release;
		};
/* End XCBuildConfiguration section */

/* Begin XCConfigurationList section */
		841723351FF809D900811221 /* Build configuration list for PBXProject "TimeToBagV1" */ = {
			isa = XCConfigurationList;
			buildConfigurations = (
				8417234A1FF809D900811221 /* Debug */,
				8417234B1FF809D900811221 /* Release */,
			);
			defaultConfigurationIsVisible = 0;
			defaultConfigurationName = Release;
		};
		8417234C1FF809D900811221 /* Build configuration list for PBXNativeTarget "TimeToBagV1" */ = {
			isa = XCConfigurationList;
			buildConfigurations = (
				8417234D1FF809D900811221 /* Debug */,
				8417234E1FF809D900811221 /* Release */,
			);
			defaultConfigurationIsVisible = 0;
			defaultConfigurationName = Release;
		};
/* End XCConfigurationList section */
	};
	rootObject = 841723321FF809D900811221 /* Project object */;
}
